
Microsoft Visual Studio Solution File, Format Version 12.00
# Visual Studio Version 16
VisualStudioVersion = 16.0.30711.63
MinimumVisualStudioVersion = 10.0.40219.1
Project("{8BC9CEB8-8B4A-11D0-8D11-00A0C91BC942}") = "_SimplestMmoRpgServer", "_SimplestMmoRpgServer\_SimplestMmoRpgServer.vcxproj", "{691014E4-D1C3-47E5-8938-E881E46EFA9C}"
EndProject
Global
	GlobalSection(SolutionConfigurationPlatforms) = preSolution
		Debug|x64 = Debug|x64
		Debug|x86 = Debug|x86
		Release|x64 = Release|x64
		Release|x86 = Release|x86
	EndGlobalSection
	GlobalSection(ProjectConfigurationPlatforms) = postSolution
		{691014E4-D1C3-47E5-8938-E881E46EFA9C}.Debug|x64.ActiveCfg = Debug|x64
		{691014E4-D1C3-47E5-8938-E881E46EFA9C}.Debug|x64.Build.0 = Debug|x64
		{691014E4-D1C3-47E5-8938-E881E46EFA9C}.Debug|x86.ActiveCfg = Debug|Win32
		{691014E4-D1C3-47E5-8938-E881E46EFA9C}.Debug|x86.Build.0 = Debug|Win32
		{691014E4-D1C3-47E5-8938-E881E46EFA9C}.Release|x64.ActiveCfg = Release|x64
		{691014E4-D1C3-47E5-8938-E881E46EFA9C}.Release|x64.Build.0 = Release|x64
		{691014E4-D1C3-47E5-8938-E881E46EFA9C}.Release|x86.ActiveCfg = Release|Win32
		{691014E4-D1C3-47E5-8938-E881E46EFA9C}.Release|x86.Build.0 = Release|Win32
	EndGlobalSection
	GlobalSection(SolutionProperties) = preSolution
		HideSolutionNode = FALSE
	EndGlobalSection
	GlobalSection(ExtensibilityGlobals) = postSolution
		SolutionGuid = {B4F2AB20-F734-438E-B538-C9B2776E0E2B}
	EndGlobalSection
EndGlobal
